
Microsoft Visual Studio Solution File, Format Version 12.00
# Visual Studio Version 17
VisualStudioVersion = 17.0.31903.59
MinimumVisualStudioVersion = 10.0.40219.1
Project("{2150E333-8FDC-42A3-9474-1A3956D46DE8}") = "src", "src", "{827E0CD3-B72D-47B6-A68D-7590B98EB39B}"
EndProject
Project("{2150E333-8FDC-42A3-9474-1A3956D46DE8}") = "Domain", "Domain", "{8B290487-4C16-E85E-E807-F579CBE9FC4D}"
EndProject
Project("{FAE04EC0-301F-11D3-BF4B-00C04F79EFBC}") = "Core.Domain", "src\Domain\Core.Domain\Core.Domain.csproj", "{14220404-116C-4080-BFA8-28832BF13C1A}"
EndProject
Project("{2150E333-8FDC-42A3-9474-1A3956D46DE8}") = "Management", "Management", "{F3244B3D-53C5-18F9-F232-08909C1DCBB5}"
EndProject
Project("{FAE04EC0-301F-11D3-BF4B-00C04F79EFBC}") = "Core.Management", "src\Management\Core.Management\Core.Management.csproj", "{86123940-10F6-437B-AC10-782174821CA2}"
EndProject
Project("{2150E333-8FDC-42A3-9474-1A3956D46DE8}") = "Infrastructure", "Infrastructure", "{9048EB7F-3875-A59E-E36B-5BD4C6F2A282}"
EndProject
Project("{FAE04EC0-301F-11D3-BF4B-00C04F79EFBC}") = "Core.Infrastructure", "src\Infrastructure\Core.Infrastructure\Core.Infrastructure.csproj", "{FAE18CA9-28B1-429D-866F-4099E94855F5}"
EndProject
Project("{2150E333-8FDC-42A3-9474-1A3956D46DE8}") = "Services", "Services", "{984BB9B3-3FA3-BE33-9484-CAC21695A33C}"
EndProject
Project("{FAE04EC0-301F-11D3-BF4B-00C04F79EFBC}") = "PaymentService.API", "src\Services\PaymentService.API\PaymentService.API.csproj", "{090C4687-C9CC-4D44-B53C-077668852B24}"
EndProject
Global
	GlobalSection(SolutionConfigurationPlatforms) = preSolution
		Debug|Any CPU = Debug|Any CPU
		Debug|x64 = Debug|x64
		Debug|x86 = Debug|x86
		Release|Any CPU = Release|Any CPU
		Release|x64 = Release|x64
		Release|x86 = Release|x86
	EndGlobalSection
	GlobalSection(ProjectConfigurationPlatforms) = postSolution
		{14220404-116C-4080-BFA8-28832BF13C1A}.Debug|Any CPU.ActiveCfg = Debug|Any CPU
		{14220404-116C-4080-BFA8-28832BF13C1A}.Debug|Any CPU.Build.0 = Debug|Any CPU
		{14220404-116C-4080-BFA8-28832BF13C1A}.Debug|x64.ActiveCfg = Debug|Any CPU
		{14220404-116C-4080-BFA8-28832BF13C1A}.Debug|x64.Build.0 = Debug|Any CPU
		{14220404-116C-4080-BFA8-28832BF13C1A}.Debug|x86.ActiveCfg = Debug|Any CPU
		{14220404-116C-4080-BFA8-28832BF13C1A}.Debug|x86.Build.0 = Debug|Any CPU
		{14220404-116C-4080-BFA8-28832BF13C1A}.Release|Any CPU.ActiveCfg = Release|Any CPU
		{14220404-116C-4080-BFA8-28832BF13C1A}.Release|Any CPU.Build.0 = Release|Any CPU
		{14220404-116C-4080-BFA8-28832BF13C1A}.Release|x64.ActiveCfg = Release|Any CPU
		{14220404-116C-4080-BFA8-28832BF13C1A}.Release|x64.Build.0 = Release|Any CPU
		{14220404-116C-4080-BFA8-28832BF13C1A}.Release|x86.ActiveCfg = Release|Any CPU
		{14220404-116C-4080-BFA8-28832BF13C1A}.Release|x86.Build.0 = Release|Any CPU
		{86123940-10F6-437B-AC10-782174821CA2}.Debug|Any CPU.ActiveCfg = Debug|Any CPU
		{86123940-10F6-437B-AC10-782174821CA2}.Debug|Any CPU.Build.0 = Debug|Any CPU
		{86123940-10F6-437B-AC10-782174821CA2}.Debug|x64.ActiveCfg = Debug|Any CPU
		{86123940-10F6-437B-AC10-782174821CA2}.Debug|x64.Build.0 = Debug|Any CPU
		{86123940-10F6-437B-AC10-782174821CA2}.Debug|x86.ActiveCfg = Debug|Any CPU
		{86123940-10F6-437B-AC10-782174821CA2}.Debug|x86.Build.0 = Debug|Any CPU
		{86123940-10F6-437B-AC10-782174821CA2}.Release|Any CPU.ActiveCfg = Release|Any CPU
		{86123940-10F6-437B-AC10-782174821CA2}.Release|Any CPU.Build.0 = Release|Any CPU
		{86123940-10F6-437B-AC10-782174821CA2}.Release|x64.ActiveCfg = Release|Any CPU
		{86123940-10F6-437B-AC10-782174821CA2}.Release|x64.Build.0 = Release|Any CPU
		{86123940-10F6-437B-AC10-782174821CA2}.Release|x86.ActiveCfg = Release|Any CPU
		{86123940-10F6-437B-AC10-782174821CA2}.Release|x86.Build.0 = Release|Any CPU
		{FAE18CA9-28B1-429D-866F-4099E94855F5}.Debug|Any CPU.ActiveCfg = Debug|Any CPU
		{FAE18CA9-28B1-429D-866F-4099E94855F5}.Debug|Any CPU.Build.0 = Debug|Any CPU
		{FAE18CA9-28B1-429D-866F-4099E94855F5}.Debug|x64.ActiveCfg = Debug|Any CPU
		{FAE18CA9-28B1-429D-866F-4099E94855F5}.Debug|x64.Build.0 = Debug|Any CPU
		{FAE18CA9-28B1-429D-866F-4099E94855F5}.Debug|x86.ActiveCfg = Debug|Any CPU
		{FAE18CA9-28B1-429D-866F-4099E94855F5}.Debug|x86.Build.0 = Debug|Any CPU
		{FAE18CA9-28B1-429D-866F-4099E94855F5}.Release|Any CPU.ActiveCfg = Release|Any CPU
		{FAE18CA9-28B1-429D-866F-4099E94855F5}.Release|Any CPU.Build.0 = Release|Any CPU
		{FAE18CA9-28B1-429D-866F-4099E94855F5}.Release|x64.ActiveCfg = Release|Any CPU
		{FAE18CA9-28B1-429D-866F-4099E94855F5}.Release|x64.Build.0 = Release|Any CPU
		{FAE18CA9-28B1-429D-866F-4099E94855F5}.Release|x86.ActiveCfg = Release|Any CPU
		{FAE18CA9-28B1-429D-866F-4099E94855F5}.Release|x86.Build.0 = Release|Any CPU
		{090C4687-C9CC-4D44-B53C-077668852B24}.Debug|Any CPU.ActiveCfg = Debug|Any CPU
		{090C4687-C9CC-4D44-B53C-077668852B24}.Debug|Any CPU.Build.0 = Debug|Any CPU
		{090C4687-C9CC-4D44-B53C-077668852B24}.Debug|x64.ActiveCfg = Debug|Any CPU
		{090C4687-C9CC-4D44-B53C-077668852B24}.Debug|x64.Build.0 = Debug|Any CPU
		{090C4687-C9CC-4D44-B53C-077668852B24}.Debug|x86.ActiveCfg = Debug|Any CPU
		{090C4687-C9CC-4D44-B53C-077668852B24}.Debug|x86.Build.0 = Debug|Any CPU
		{090C4687-C9CC-4D44-B53C-077668852B24}.Release|Any CPU.ActiveCfg = Release|Any CPU
		{090C4687-C9CC-4D44-B53C-077668852B24}.Release|Any CPU.Build.0 = Release|Any CPU
		{090C4687-C9CC-4D44-B53C-077668852B24}.Release|x64.ActiveCfg = Release|Any CPU
		{090C4687-C9CC-4D44-B53C-077668852B24}.Release|x64.Build.0 = Release|Any CPU
		{090C4687-C9CC-4D44-B53C-077668852B24}.Release|x86.ActiveCfg = Release|Any CPU
		{090C4687-C9CC-4D44-B53C-077668852B24}.Release|x86.Build.0 = Release|Any CPU
	EndGlobalSection
	GlobalSection(SolutionProperties) = preSolution
		HideSolutionNode = FALSE
	EndGlobalSection
	GlobalSection(NestedProjects) = preSolution
		{8B290487-4C16-E85E-E807-F579CBE9FC4D} = {827E0CD3-B72D-47B6-A68D-7590B98EB39B}
		{14220404-116C-4080-BFA8-28832BF13C1A} = {8B290487-4C16-E85E-E807-F579CBE9FC4D}
		{F3244B3D-53C5-18F9-F232-08909C1DCBB5} = {827E0CD3-B72D-47B6-A68D-7590B98EB39B}
		{86123940-10F6-437B-AC10-782174821CA2} = {F3244B3D-53C5-18F9-F232-08909C1DCBB5}
		{9048EB7F-3875-A59E-E36B-5BD4C6F2A282} = {827E0CD3-B72D-47B6-A68D-7590B98EB39B}
		{FAE18CA9-28B1-429D-866F-4099E94855F5} = {9048EB7F-3875-A59E-E36B-5BD4C6F2A282}
		{984BB9B3-3FA3-BE33-9484-CAC21695A33C} = {827E0CD3-B72D-47B6-A68D-7590B98EB39B}
		{090C4687-C9CC-4D44-B53C-077668852B24} = {984BB9B3-3FA3-BE33-9484-CAC21695A33C}
	EndGlobalSection
EndGlobal
