
Microsoft Visual Studio Solution File, Format Version 12.00
# Visual Studio Version 17
VisualStudioVersion = 17.14.36414.22
MinimumVisualStudioVersion = 10.0.40219.1
Project("{2150E333-8FDC-42A3-9474-1A3956D46DE8}") = "src", "src", "{827E0CD3-B72D-47B6-A68D-7590B98EB39B}"
EndProject
Project("{2150E333-8FDC-42A3-9474-1A3956D46DE8}") = "Domain", "Domain", "{F2F4EF52-53A5-4A48-B11D-2EB2B36632C3}"
EndProject
Project("{FAE04EC0-301F-11D3-BF4B-00C04F79EFBC}") = "Core.Domain", "src\Domain\Core.Domain\Core.Domain.csproj", "{DF7BDB3C-E25A-4241-A02B-602386148273}"
EndProject
Project("{2150E333-8FDC-42A3-9474-1A3956D46DE8}") = "Infrastructure", "Infrastructure", "{522FC67F-581B-4DA5-BA51-A98FDD453653}"
EndProject
Project("{FAE04EC0-301F-11D3-BF4B-00C04F79EFBC}") = "Core.Infrastructure", "src\Infrastructure\Core.Infrastructure\Core.Infrastructure.csproj", "{4699C995-5D1A-47D6-9E9D-63BE85DE1089}"
EndProject
Project("{2150E333-8FDC-42A3-9474-1A3956D46DE8}") = "Management", "Management", "{16E52B27-9509-46E4-B93D-D90EE4EFF85E}"
EndProject
Project("{FAE04EC0-301F-11D3-BF4B-00C04F79EFBC}") = "Core.Management", "src\Management\Core.Management\Core.Management.csproj", "{9BC1ECD7-0B03-4F12-B967-857035C9AD93}"
EndProject
Project("{2150E333-8FDC-42A3-9474-1A3956D46DE8}") = "Services", "Services", "{FEC63026-38FA-49EB-BA32-C545223AAFA7}"
EndProject
Project("{FAE04EC0-301F-11D3-BF4B-00C04F79EFBC}") = "MachineService.API", "src\Services\MachineService.API\MachineService.API.csproj", "{59456FFF-0A13-49E1-96AE-552585AC8CE6}"
EndProject
Global
	GlobalSection(SolutionConfigurationPlatforms) = preSolution
		Debug|Any CPU = Debug|Any CPU
		Release|Any CPU = Release|Any CPU
	EndGlobalSection
	GlobalSection(ProjectConfigurationPlatforms) = postSolution
		{DF7BDB3C-E25A-4241-A02B-602386148273}.Debug|Any CPU.ActiveCfg = Debug|Any CPU
		{DF7BDB3C-E25A-4241-A02B-602386148273}.Debug|Any CPU.Build.0 = Debug|Any CPU
		{DF7BDB3C-E25A-4241-A02B-602386148273}.Release|Any CPU.ActiveCfg = Release|Any CPU
		{DF7BDB3C-E25A-4241-A02B-602386148273}.Release|Any CPU.Build.0 = Release|Any CPU
		{4699C995-5D1A-47D6-9E9D-63BE85DE1089}.Debug|Any CPU.ActiveCfg = Debug|Any CPU
		{4699C995-5D1A-47D6-9E9D-63BE85DE1089}.Debug|Any CPU.Build.0 = Debug|Any CPU
		{4699C995-5D1A-47D6-9E9D-63BE85DE1089}.Release|Any CPU.ActiveCfg = Release|Any CPU
		{4699C995-5D1A-47D6-9E9D-63BE85DE1089}.Release|Any CPU.Build.0 = Release|Any CPU
		{9BC1ECD7-0B03-4F12-B967-857035C9AD93}.Debug|Any CPU.ActiveCfg = Debug|Any CPU
		{9BC1ECD7-0B03-4F12-B967-857035C9AD93}.Debug|Any CPU.Build.0 = Debug|Any CPU
		{9BC1ECD7-0B03-4F12-B967-857035C9AD93}.Release|Any CPU.ActiveCfg = Release|Any CPU
		{9BC1ECD7-0B03-4F12-B967-857035C9AD93}.Release|Any CPU.Build.0 = Release|Any CPU
		{59456FFF-0A13-49E1-96AE-552585AC8CE6}.Debug|Any CPU.ActiveCfg = Debug|Any CPU
		{59456FFF-0A13-49E1-96AE-552585AC8CE6}.Debug|Any CPU.Build.0 = Debug|Any CPU
		{59456FFF-0A13-49E1-96AE-552585AC8CE6}.Release|Any CPU.ActiveCfg = Release|Any CPU
		{59456FFF-0A13-49E1-96AE-552585AC8CE6}.Release|Any CPU.Build.0 = Release|Any CPU
	EndGlobalSection
	GlobalSection(SolutionProperties) = preSolution
		HideSolutionNode = FALSE
	EndGlobalSection
	GlobalSection(NestedProjects) = preSolution
		{F2F4EF52-53A5-4A48-B11D-2EB2B36632C3} = {827E0CD3-B72D-47B6-A68D-7590B98EB39B}
		{DF7BDB3C-E25A-4241-A02B-602386148273} = {F2F4EF52-53A5-4A48-B11D-2EB2B36632C3}
		{522FC67F-581B-4DA5-BA51-A98FDD453653} = {827E0CD3-B72D-47B6-A68D-7590B98EB39B}
		{4699C995-5D1A-47D6-9E9D-63BE85DE1089} = {522FC67F-581B-4DA5-BA51-A98FDD453653}
		{16E52B27-9509-46E4-B93D-D90EE4EFF85E} = {827E0CD3-B72D-47B6-A68D-7590B98EB39B}
		{9BC1ECD7-0B03-4F12-B967-857035C9AD93} = {16E52B27-9509-46E4-B93D-D90EE4EFF85E}
		{FEC63026-38FA-49EB-BA32-C545223AAFA7} = {827E0CD3-B72D-47B6-A68D-7590B98EB39B}
		{59456FFF-0A13-49E1-96AE-552585AC8CE6} = {FEC63026-38FA-49EB-BA32-C545223AAFA7}
	EndGlobalSection
	GlobalSection(ExtensibilityGlobals) = postSolution
		SolutionGuid = {87AF4F46-4C83-4771-A392-19C01134AE95}
	EndGlobalSection
EndGlobal
