
Microsoft Visual Studio Solution File, Format Version 12.00
# Visual Studio Version 17
VisualStudioVersion = 17.0.31903.59
MinimumVisualStudioVersion = 10.0.40219.1
Project("{2150E333-8FDC-42A3-9474-1A3956D46DE8}") = "src", "src", "{827E0CD3-B72D-47B6-A68D-7590B98EB39B}"
EndProject
Project("{FAE04EC0-301F-11D3-BF4B-00C04F79EFBC}") = "MachineService.Api", "src\MachineService.Api\MachineService.Api.csproj", "{59456FFF-0A13-49E1-96AE-552585AC8CE6}"
EndProject
Project("{FAE04EC0-301F-11D3-BF4B-00C04F79EFBC}") = "MachineService.Application", "src\MachineService.Application\MachineService.Application.csproj", "{9BC1ECD7-0B03-4F12-B967-857035C9AD93}"
EndProject
Project("{FAE04EC0-301F-11D3-BF4B-00C04F79EFBC}") = "MachineService.Domain", "src\MachineService.Domain\MachineService.Domain.csproj", "{DF7BDB3C-E25A-4241-A02B-602386148273}"
EndProject
Project("{FAE04EC0-301F-11D3-BF4B-00C04F79EFBC}") = "MachineService.Infrastructure", "src\MachineService.Infrastructure\MachineService.Infrastructure.csproj", "{4699C995-5D1A-47D6-9E9D-63BE85DE1089}"
EndProject
Global
	GlobalSection(SolutionConfigurationPlatforms) = preSolution
		Debug|Any CPU = Debug|Any CPU
		Debug|x64 = Debug|x64
		Debug|x86 = Debug|x86
		Release|Any CPU = Release|Any CPU
		Release|x64 = Release|x64
		Release|x86 = Release|x86
	EndGlobalSection
	GlobalSection(ProjectConfigurationPlatforms) = postSolution
		{59456FFF-0A13-49E1-96AE-552585AC8CE6}.Debug|Any CPU.ActiveCfg = Debug|Any CPU
		{59456FFF-0A13-49E1-96AE-552585AC8CE6}.Debug|Any CPU.Build.0 = Debug|Any CPU
		{59456FFF-0A13-49E1-96AE-552585AC8CE6}.Debug|x64.ActiveCfg = Debug|Any CPU
		{59456FFF-0A13-49E1-96AE-552585AC8CE6}.Debug|x64.Build.0 = Debug|Any CPU
		{59456FFF-0A13-49E1-96AE-552585AC8CE6}.Debug|x86.ActiveCfg = Debug|Any CPU
		{59456FFF-0A13-49E1-96AE-552585AC8CE6}.Debug|x86.Build.0 = Debug|Any CPU
		{59456FFF-0A13-49E1-96AE-552585AC8CE6}.Release|Any CPU.ActiveCfg = Release|Any CPU
		{59456FFF-0A13-49E1-96AE-552585AC8CE6}.Release|Any CPU.Build.0 = Release|Any CPU
		{59456FFF-0A13-49E1-96AE-552585AC8CE6}.Release|x64.ActiveCfg = Release|Any CPU
		{59456FFF-0A13-49E1-96AE-552585AC8CE6}.Release|x64.Build.0 = Release|Any CPU
		{59456FFF-0A13-49E1-96AE-552585AC8CE6}.Release|x86.ActiveCfg = Release|Any CPU
		{59456FFF-0A13-49E1-96AE-552585AC8CE6}.Release|x86.Build.0 = Release|Any CPU
		{9BC1ECD7-0B03-4F12-B967-857035C9AD93}.Debug|Any CPU.ActiveCfg = Debug|Any CPU
		{9BC1ECD7-0B03-4F12-B967-857035C9AD93}.Debug|Any CPU.Build.0 = Debug|Any CPU
		{9BC1ECD7-0B03-4F12-B967-857035C9AD93}.Debug|x64.ActiveCfg = Debug|Any CPU
		{9BC1ECD7-0B03-4F12-B967-857035C9AD93}.Debug|x64.Build.0 = Debug|Any CPU
		{9BC1ECD7-0B03-4F12-B967-857035C9AD93}.Debug|x86.ActiveCfg = Debug|Any CPU
		{9BC1ECD7-0B03-4F12-B967-857035C9AD93}.Debug|x86.Build.0 = Debug|Any CPU
		{9BC1ECD7-0B03-4F12-B967-857035C9AD93}.Release|Any CPU.ActiveCfg = Release|Any CPU
		{9BC1ECD7-0B03-4F12-B967-857035C9AD93}.Release|Any CPU.Build.0 = Release|Any CPU
		{9BC1ECD7-0B03-4F12-B967-857035C9AD93}.Release|x64.ActiveCfg = Release|Any CPU
		{9BC1ECD7-0B03-4F12-B967-857035C9AD93}.Release|x64.Build.0 = Release|Any CPU
		{9BC1ECD7-0B03-4F12-B967-857035C9AD93}.Release|x86.ActiveCfg = Release|Any CPU
		{9BC1ECD7-0B03-4F12-B967-857035C9AD93}.Release|x86.Build.0 = Release|Any CPU
		{DF7BDB3C-E25A-4241-A02B-602386148273}.Debug|Any CPU.ActiveCfg = Debug|Any CPU
		{DF7BDB3C-E25A-4241-A02B-602386148273}.Debug|Any CPU.Build.0 = Debug|Any CPU
		{DF7BDB3C-E25A-4241-A02B-602386148273}.Debug|x64.ActiveCfg = Debug|Any CPU
		{DF7BDB3C-E25A-4241-A02B-602386148273}.Debug|x64.Build.0 = Debug|Any CPU
		{DF7BDB3C-E25A-4241-A02B-602386148273}.Debug|x86.ActiveCfg = Debug|Any CPU
		{DF7BDB3C-E25A-4241-A02B-602386148273}.Debug|x86.Build.0 = Debug|Any CPU
		{DF7BDB3C-E25A-4241-A02B-602386148273}.Release|Any CPU.ActiveCfg = Release|Any CPU
		{DF7BDB3C-E25A-4241-A02B-602386148273}.Release|Any CPU.Build.0 = Release|Any CPU
		{DF7BDB3C-E25A-4241-A02B-602386148273}.Release|x64.ActiveCfg = Release|Any CPU
		{DF7BDB3C-E25A-4241-A02B-602386148273}.Release|x64.Build.0 = Release|Any CPU
		{DF7BDB3C-E25A-4241-A02B-602386148273}.Release|x86.ActiveCfg = Release|Any CPU
		{DF7BDB3C-E25A-4241-A02B-602386148273}.Release|x86.Build.0 = Release|Any CPU
		{4699C995-5D1A-47D6-9E9D-63BE85DE1089}.Debug|Any CPU.ActiveCfg = Debug|Any CPU
		{4699C995-5D1A-47D6-9E9D-63BE85DE1089}.Debug|Any CPU.Build.0 = Debug|Any CPU
		{4699C995-5D1A-47D6-9E9D-63BE85DE1089}.Debug|x64.ActiveCfg = Debug|Any CPU
		{4699C995-5D1A-47D6-9E9D-63BE85DE1089}.Debug|x64.Build.0 = Debug|Any CPU
		{4699C995-5D1A-47D6-9E9D-63BE85DE1089}.Debug|x86.ActiveCfg = Debug|Any CPU
		{4699C995-5D1A-47D6-9E9D-63BE85DE1089}.Debug|x86.Build.0 = Debug|Any CPU
		{4699C995-5D1A-47D6-9E9D-63BE85DE1089}.Release|Any CPU.ActiveCfg = Release|Any CPU
		{4699C995-5D1A-47D6-9E9D-63BE85DE1089}.Release|Any CPU.Build.0 = Release|Any CPU
		{4699C995-5D1A-47D6-9E9D-63BE85DE1089}.Release|x64.ActiveCfg = Release|Any CPU
		{4699C995-5D1A-47D6-9E9D-63BE85DE1089}.Release|x64.Build.0 = Release|Any CPU
		{4699C995-5D1A-47D6-9E9D-63BE85DE1089}.Release|x86.ActiveCfg = Release|Any CPU
		{4699C995-5D1A-47D6-9E9D-63BE85DE1089}.Release|x86.Build.0 = Release|Any CPU
	EndGlobalSection
	GlobalSection(SolutionProperties) = preSolution
		HideSolutionNode = FALSE
	EndGlobalSection
	GlobalSection(NestedProjects) = preSolution
		{59456FFF-0A13-49E1-96AE-552585AC8CE6} = {827E0CD3-B72D-47B6-A68D-7590B98EB39B}
		{9BC1ECD7-0B03-4F12-B967-857035C9AD93} = {827E0CD3-B72D-47B6-A68D-7590B98EB39B}
		{DF7BDB3C-E25A-4241-A02B-602386148273} = {827E0CD3-B72D-47B6-A68D-7590B98EB39B}
		{4699C995-5D1A-47D6-9E9D-63BE85DE1089} = {827E0CD3-B72D-47B6-A68D-7590B98EB39B}
	EndGlobalSection
EndGlobal
