
Microsoft Visual Studio Solution File, Format Version 12.00
# Visual Studio Version 17
VisualStudioVersion = 17.14.36414.22
MinimumVisualStudioVersion = 10.0.40219.1
Project("{2150E333-8FDC-42A3-9474-1A3956D46DE8}") = "src", "src", "{827E0CD3-B72D-47B6-A68D-7590B98EB39B}"
EndProject
Project("{2150E333-8FDC-42A3-9474-1A3956D46DE8}") = "Domain", "Domain", "{B2E1E011-3310-4413-93C9-946296629721}"
EndProject
Project("{FAE04EC0-301F-11D3-BF4B-00C04F79EFBC}") = "Core.Domain", "src\Domain\Core.Domain\Core.Domain.csproj", "{3A99E8C4-219B-4787-B42D-8EDA576BBA0B}"
EndProject
Project("{2150E333-8FDC-42A3-9474-1A3956D46DE8}") = "Infrastructure", "Infrastructure", "{854EB4DC-2CF1-4C96-8BA7-D18147931F3A}"
EndProject
Project("{FAE04EC0-301F-11D3-BF4B-00C04F79EFBC}") = "Core.Infrastructure", "src\Infrastructure\Core.Infrastructure\Core.Infrastructure.csproj", "{2E6BE2A2-2EE3-4004-B7D7-B2856E5884D0}"
EndProject
Project("{2150E333-8FDC-42A3-9474-1A3956D46DE8}") = "Management", "Management", "{F0FB3CF2-447F-41E1-9B43-BD67D25FEF32}"
EndProject
Project("{FAE04EC0-301F-11D3-BF4B-00C04F79EFBC}") = "Core.Management", "src\Management\Core.Management\Core.Management.csproj", "{10A8B106-5A31-4618-8DF8-738783D2FE70}"
EndProject
Project("{2150E333-8FDC-42A3-9474-1A3956D46DE8}") = "Services", "Services", "{AC20E868-9015-4046-8D06-0AD083662C59}"
EndProject
Project("{FAE04EC0-301F-11D3-BF4B-00C04F79EFBC}") = "InventoryService.API", "src\Services\InventoryService.API\InventoryService.API.csproj", "{C3692B1C-6D19-4AC2-8433-EFB9B3899206}"
EndProject
Global
	GlobalSection(SolutionConfigurationPlatforms) = preSolution
		Debug|Any CPU = Debug|Any CPU
		Release|Any CPU = Release|Any CPU
	EndGlobalSection
	GlobalSection(ProjectConfigurationPlatforms) = postSolution
		{3A99E8C4-219B-4787-B42D-8EDA576BBA0B}.Debug|Any CPU.ActiveCfg = Debug|Any CPU
		{3A99E8C4-219B-4787-B42D-8EDA576BBA0B}.Debug|Any CPU.Build.0 = Debug|Any CPU
		{3A99E8C4-219B-4787-B42D-8EDA576BBA0B}.Release|Any CPU.ActiveCfg = Release|Any CPU
		{3A99E8C4-219B-4787-B42D-8EDA576BBA0B}.Release|Any CPU.Build.0 = Release|Any CPU
		{2E6BE2A2-2EE3-4004-B7D7-B2856E5884D0}.Debug|Any CPU.ActiveCfg = Debug|Any CPU
		{2E6BE2A2-2EE3-4004-B7D7-B2856E5884D0}.Debug|Any CPU.Build.0 = Debug|Any CPU
		{2E6BE2A2-2EE3-4004-B7D7-B2856E5884D0}.Release|Any CPU.ActiveCfg = Release|Any CPU
		{2E6BE2A2-2EE3-4004-B7D7-B2856E5884D0}.Release|Any CPU.Build.0 = Release|Any CPU
		{10A8B106-5A31-4618-8DF8-738783D2FE70}.Debug|Any CPU.ActiveCfg = Debug|Any CPU
		{10A8B106-5A31-4618-8DF8-738783D2FE70}.Debug|Any CPU.Build.0 = Debug|Any CPU
		{10A8B106-5A31-4618-8DF8-738783D2FE70}.Release|Any CPU.ActiveCfg = Release|Any CPU
		{10A8B106-5A31-4618-8DF8-738783D2FE70}.Release|Any CPU.Build.0 = Release|Any CPU
		{C3692B1C-6D19-4AC2-8433-EFB9B3899206}.Debug|Any CPU.ActiveCfg = Debug|Any CPU
		{C3692B1C-6D19-4AC2-8433-EFB9B3899206}.Debug|Any CPU.Build.0 = Debug|Any CPU
		{C3692B1C-6D19-4AC2-8433-EFB9B3899206}.Release|Any CPU.ActiveCfg = Release|Any CPU
		{C3692B1C-6D19-4AC2-8433-EFB9B3899206}.Release|Any CPU.Build.0 = Release|Any CPU
	EndGlobalSection
	GlobalSection(SolutionProperties) = preSolution
		HideSolutionNode = FALSE
	EndGlobalSection
	GlobalSection(NestedProjects) = preSolution
		{B2E1E011-3310-4413-93C9-946296629721} = {827E0CD3-B72D-47B6-A68D-7590B98EB39B}
		{3A99E8C4-219B-4787-B42D-8EDA576BBA0B} = {B2E1E011-3310-4413-93C9-946296629721}
		{854EB4DC-2CF1-4C96-8BA7-D18147931F3A} = {827E0CD3-B72D-47B6-A68D-7590B98EB39B}
		{2E6BE2A2-2EE3-4004-B7D7-B2856E5884D0} = {854EB4DC-2CF1-4C96-8BA7-D18147931F3A}
		{F0FB3CF2-447F-41E1-9B43-BD67D25FEF32} = {827E0CD3-B72D-47B6-A68D-7590B98EB39B}
		{10A8B106-5A31-4618-8DF8-738783D2FE70} = {F0FB3CF2-447F-41E1-9B43-BD67D25FEF32}
		{AC20E868-9015-4046-8D06-0AD083662C59} = {827E0CD3-B72D-47B6-A68D-7590B98EB39B}
		{C3692B1C-6D19-4AC2-8433-EFB9B3899206} = {AC20E868-9015-4046-8D06-0AD083662C59}
	EndGlobalSection
	GlobalSection(ExtensibilityGlobals) = postSolution
		SolutionGuid = {F08133CB-42F3-4689-AD2C-D7B1C2FB011D}
	EndGlobalSection
EndGlobal
